// !$*UTF8*$!
{
	archiveVersion = 1;
	classes = {
	};
	objectVersion = 77;
	objects = {

/* Begin PBXBuildFile section */
		EE856A382E1CD0F6006820B9 /* Assets.xcassets in Resources */ = {isa = PBXBuildFile; fileRef = EE856A352E1CD0F6006820B9 /* Assets.xcassets */; };
		EE856A392E1CD0F6006820B9 /* A10App.swift in Sources */ = {isa = PBXBuildFile; fileRef = EE856A342E1CD0F6006820B9 /* A10App.swift */; };
		EE856A442E1CD244006820B9 /* Color+Extension.swift in Sources */ = {isa = PBXBuildFile; fileRef = EE856A432E1CD23E006820B9 /* Color+Extension.swift */; };
		EE856A472E1CD2AD006820B9 /* Font.swift in Sources */ = {isa = PBXBuildFile; fileRef = EE856A462E1CD2AA006820B9 /* Font.swift */; };
		EE856A492E1CD2D7006820B9 /* Feedback.swift in Sources */ = {isa = PBXBuildFile; fileRef = EE856A482E1CD2D1006820B9 /* Feedback.swift */; };
		EE856A4C2E1CD3AD006820B9 /* FirestoreManager.swift in Sources */ = {isa = PBXBuildFile; fileRef = EE856A4B2E1CD3AA006820B9 /* FirestoreManager.swift */; };
		EE856A4E2E1CD3C4006820B9 /* DummyData.swift in Sources */ = {isa = PBXBuildFile; fileRef = EE856A4D2E1CD3BF006820B9 /* DummyData.swift */; };
		EE856A512E1CD418006820B9 /* FeedbackListView.swift in Sources */ = {isa = PBXBuildFile; fileRef = EE856A502E1CD409006820B9 /* FeedbackListView.swift */; };
		EE856A542E1CE5B8006820B9 /* ViewModelable.swift in Sources */ = {isa = PBXBuildFile; fileRef = EE856A532E1CE5B0006820B9 /* ViewModelable.swift */; };
		EE856A562E1CE604006820B9 /* FeedbackListViewModel.swift in Sources */ = {isa = PBXBuildFile; fileRef = EE856A552E1CE5FF006820B9 /* FeedbackListViewModel.swift */; };
		EE856A5B2E1CEA98006820B9 /* OnboardingView.swift in Sources */ = {isa = PBXBuildFile; fileRef = EE856A5A2E1CEA98006820B9 /* OnboardingView.swift */; };
/* End PBXBuildFile section */

/* Begin PBXFileReference section */
		EE856A262E1CD093006820B9 /* A10.app */ = {isa = PBXFileReference; explicitFileType = wrapper.application; includeInIndex = 0; path = A10.app; sourceTree = BUILT_PRODUCTS_DIR; };
		EE856A342E1CD0F6006820B9 /* A10App.swift */ = {isa = PBXFileReference; lastKnownFileType = sourcecode.swift; path = A10App.swift; sourceTree = "<group>"; };
		EE856A352E1CD0F6006820B9 /* Assets.xcassets */ = {isa = PBXFileReference; lastKnownFileType = folder.assetcatalog; path = Assets.xcassets; sourceTree = "<group>"; };
		EE856A432E1CD23E006820B9 /* Color+Extension.swift */ = {isa = PBXFileReference; lastKnownFileType = sourcecode.swift; path = "Color+Extension.swift"; sourceTree = "<group>"; };
		EE856A462E1CD2AA006820B9 /* Font.swift */ = {isa = PBXFileReference; lastKnownFileType = sourcecode.swift; path = Font.swift; sourceTree = "<group>"; };
		EE856A482E1CD2D1006820B9 /* Feedback.swift */ = {isa = PBXFileReference; lastKnownFileType = sourcecode.swift; path = Feedback.swift; sourceTree = "<group>"; };
		EE856A4B2E1CD3AA006820B9 /* FirestoreManager.swift */ = {isa = PBXFileReference; lastKnownFileType = sourcecode.swift; path = FirestoreManager.swift; sourceTree = "<group>"; };
		EE856A4D2E1CD3BF006820B9 /* DummyData.swift */ = {isa = PBXFileReference; lastKnownFileType = sourcecode.swift; path = DummyData.swift; sourceTree = "<group>"; };
		EE856A502E1CD409006820B9 /* FeedbackListView.swift */ = {isa = PBXFileReference; lastKnownFileType = sourcecode.swift; path = FeedbackListView.swift; sourceTree = "<group>"; };
		EE856A532E1CE5B0006820B9 /* ViewModelable.swift */ = {isa = PBXFileReference; lastKnownFileType = sourcecode.swift; path = ViewModelable.swift; sourceTree = "<group>"; };
		EE856A552E1CE5FF006820B9 /* FeedbackListViewModel.swift */ = {isa = PBXFileReference; lastKnownFileType = sourcecode.swift; path = FeedbackListViewModel.swift; sourceTree = "<group>"; };
		EE856A5A2E1CEA98006820B9 /* OnboardingView.swift */ = {isa = PBXFileReference; lastKnownFileType = sourcecode.swift; path = OnboardingView.swift; sourceTree = "<group>"; };
/* End PBXFileReference section */

/* Begin PBXFrameworksBuildPhase section */
		EE856A232E1CD093006820B9 /* Frameworks */ = {
			isa = PBXFrameworksBuildPhase;
			buildActionMask = 2147483647;
			files = (
			);
			runOnlyForDeploymentPostprocessing = 0;
		};
/* End PBXFrameworksBuildPhase section */

/* Begin PBXGroup section */
		EE856A1D2E1CD093006820B9 = {
			isa = PBXGroup;
			children = (
				EE856A372E1CD0F6006820B9 /* A10 */,
				EE856A272E1CD093006820B9 /* Products */,
			);
			sourceTree = "<group>";
		};
		EE856A272E1CD093006820B9 /* Products */ = {
			isa = PBXGroup;
			children = (
				EE856A262E1CD093006820B9 /* A10.app */,
			);
			name = Products;
			sourceTree = "<group>";
		};
		EE856A372E1CD0F6006820B9 /* A10 */ = {
			isa = PBXGroup;
			children = (
				EE856A3B2E1CD0FC006820B9 /* App */,
				EE856A3E2E1CD111006820B9 /* Model */,
				EE856A3D2E1CD10E006820B9 /* Data */,
				EE856A4A2E1CD399006820B9 /* Network */,
				EE856A3C2E1CD102006820B9 /* Presentation */,
				EE856A402E1CD129006820B9 /* Util */,
				EE856A412E1CD13E006820B9 /* Resources */,
			);
			path = A10;
			sourceTree = "<group>";
		};
		EE856A3B2E1CD0FC006820B9 /* App */ = {
			isa = PBXGroup;
			children = (
				EE856A342E1CD0F6006820B9 /* A10App.swift */,
			);
			path = App;
			sourceTree = "<group>";
		};
		EE856A3C2E1CD102006820B9 /* Presentation */ = {
			isa = PBXGroup;
			children = (
				EE856A4F2E1CD401006820B9 /* Onboarding */,
				EE856A522E1CD41C006820B9 /* FeedbackList */,
				EE856A532E1CE5B0006820B9 /* ViewModelable.swift */,
			);
			path = Presentation;
			sourceTree = "<group>";
		};
		EE856A3D2E1CD10E006820B9 /* Data */ = {
			isa = PBXGroup;
			children = (
				EE856A4D2E1CD3BF006820B9 /* DummyData.swift */,
			);
			path = Data;
			sourceTree = "<group>";
		};
		EE856A3E2E1CD111006820B9 /* Model */ = {
			isa = PBXGroup;
			children = (
				EE856A482E1CD2D1006820B9 /* Feedback.swift */,
			);
			path = Model;
			sourceTree = "<group>";
		};
		EE856A402E1CD129006820B9 /* Util */ = {
			isa = PBXGroup;
			children = (
				EE856A452E1CD258006820B9 /* Enums */,
				EE856A422E1CD22B006820B9 /* Extension */,
			);
			path = Util;
			sourceTree = "<group>";
		};
		EE856A412E1CD13E006820B9 /* Resources */ = {
			isa = PBXGroup;
			children = (
				EE856A352E1CD0F6006820B9 /* Assets.xcassets */,
			);
			path = Resources;
			sourceTree = "<group>";
		};
		EE856A422E1CD22B006820B9 /* Extension */ = {
			isa = PBXGroup;
			children = (
				EE856A432E1CD23E006820B9 /* Color+Extension.swift */,
			);
			path = Extension;
			sourceTree = "<group>";
		};
		EE856A452E1CD258006820B9 /* Enums */ = {
			isa = PBXGroup;
			children = (
				EE856A462E1CD2AA006820B9 /* Font.swift */,
			);
			path = Enums;
			sourceTree = "<group>";
		};
		EE856A4A2E1CD399006820B9 /* Network */ = {
			isa = PBXGroup;
			children = (
				EE856A4B2E1CD3AA006820B9 /* FirestoreManager.swift */,
			);
			path = Network;
			sourceTree = "<group>";
		};
		EE856A4F2E1CD401006820B9 /* Onboarding */ = {
			isa = PBXGroup;
			children = (
				EE856A5A2E1CEA98006820B9 /* OnboardingView.swift */,
			);
			path = Onboarding;
			sourceTree = "<group>";
		};
		EE856A522E1CD41C006820B9 /* FeedbackList */ = {
			isa = PBXGroup;
			children = (
				EE856A552E1CE5FF006820B9 /* FeedbackListViewModel.swift */,
				EE856A502E1CD409006820B9 /* FeedbackListView.swift */,
			);
			path = FeedbackList;
			sourceTree = "<group>";
		};
/* End PBXGroup section */

/* Begin PBXNativeTarget section */
		EE856A252E1CD093006820B9 /* A10 */ = {
			isa = PBXNativeTarget;
			buildConfigurationList = EE856A312E1CD095006820B9 /* Build configuration list for PBXNativeTarget "A10" */;
			buildPhases = (
				EE856A222E1CD093006820B9 /* Sources */,
				EE856A232E1CD093006820B9 /* Frameworks */,
				EE856A242E1CD093006820B9 /* Resources */,
			);
			buildRules = (
			);
			dependencies = (
			);
			name = A10;
			packageProductDependencies = (
			);
			productName = A10;
			productReference = EE856A262E1CD093006820B9 /* A10.app */;
			productType = "com.apple.product-type.application";
		};
/* End PBXNativeTarget section */

/* Begin PBXProject section */
		EE856A1E2E1CD093006820B9 /* Project object */ = {
			isa = PBXProject;
			attributes = {
				BuildIndependentTargetsInParallel = 1;
				LastSwiftUpdateCheck = 1630;
				LastUpgradeCheck = 1630;
				TargetAttributes = {
					EE856A252E1CD093006820B9 = {
						CreatedOnToolsVersion = 16.3;
					};
				};
			};
			buildConfigurationList = EE856A212E1CD093006820B9 /* Build configuration list for PBXProject "A10" */;
			developmentRegion = en;
			hasScannedForEncodings = 0;
			knownRegions = (
				en,
				Base,
			);
			mainGroup = EE856A1D2E1CD093006820B9;
			minimizedProjectReferenceProxies = 1;
			preferredProjectObjectVersion = 77;
			productRefGroup = EE856A272E1CD093006820B9 /* Products */;
			projectDirPath = "";
			projectRoot = "";
			targets = (
				EE856A252E1CD093006820B9 /* A10 */,
			);
		};
/* End PBXProject section */

/* Begin PBXResourcesBuildPhase section */
		EE856A242E1CD093006820B9 /* Resources */ = {
			isa = PBXResourcesBuildPhase;
			buildActionMask = 2147483647;
			files = (
				EE856A382E1CD0F6006820B9 /* Assets.xcassets in Resources */,
			);
			runOnlyForDeploymentPostprocessing = 0;
		};
/* End PBXResourcesBuildPhase section */

/* Begin PBXSourcesBuildPhase section */
		EE856A222E1CD093006820B9 /* Sources */ = {
			isa = PBXSourcesBuildPhase;
			buildActionMask = 2147483647;
			files = (
				EE856A4C2E1CD3AD006820B9 /* FirestoreManager.swift in Sources */,
				EE856A472E1CD2AD006820B9 /* Font.swift in Sources */,
				EE856A392E1CD0F6006820B9 /* A10App.swift in Sources */,
				EE856A5B2E1CEA98006820B9 /* OnboardingView.swift in Sources */,
				EE856A562E1CE604006820B9 /* FeedbackListViewModel.swift in Sources */,
				EE856A542E1CE5B8006820B9 /* ViewModelable.swift in Sources */,
				EE856A4E2E1CD3C4006820B9 /* DummyData.swift in Sources */,
				EE856A492E1CD2D7006820B9 /* Feedback.swift in Sources */,
				EE856A512E1CD418006820B9 /* FeedbackListView.swift in Sources */,
				EE856A442E1CD244006820B9 /* Color+Extension.swift in Sources */,
			);
			runOnlyForDeploymentPostprocessing = 0;
		};
/* End PBXSourcesBuildPhase section */

/* Begin XCBuildConfiguration section */
		EE856A2F2E1CD095006820B9 /* Debug */ = {
			isa = XCBuildConfiguration;
			buildSettings = {
				ALWAYS_SEARCH_USER_PATHS = NO;
				ASSETCATALOG_COMPILER_GENERATE_SWIFT_ASSET_SYMBOL_EXTENSIONS = YES;
				CLANG_ANALYZER_NONNULL = YES;
				CLANG_ANALYZER_NUMBER_OBJECT_CONVERSION = YES_AGGRESSIVE;
				CLANG_CXX_LANGUAGE_STANDARD = "gnu++20";
				CLANG_ENABLE_MODULES = YES;
				CLANG_ENABLE_OBJC_ARC = YES;
				CLANG_ENABLE_OBJC_WEAK = YES;
				CLANG_WARN_BLOCK_CAPTURE_AUTORELEASING = YES;
				CLANG_WARN_BOOL_CONVERSION = YES;
				CLANG_WARN_COMMA = YES;
				CLANG_WARN_CONSTANT_CONVERSION = YES;
				CLANG_WARN_DEPRECATED_OBJC_IMPLEMENTATIONS = YES;
				CLANG_WARN_DIRECT_OBJC_ISA_USAGE = YES_ERROR;
				CLANG_WARN_DOCUMENTATION_COMMENTS = YES;
				CLANG_WARN_EMPTY_BODY = YES;
				CLANG_WARN_ENUM_CONVERSION = YES;
				CLANG_WARN_INFINITE_RECURSION = YES;
				CLANG_WARN_INT_CONVERSION = YES;
				CLANG_WARN_NON_LITERAL_NULL_CONVERSION = YES;
				CLANG_WARN_OBJC_IMPLICIT_RETAIN_SELF = YES;
				CLANG_WARN_OBJC_LITERAL_CONVERSION = YES;
				CLANG_WARN_OBJC_ROOT_CLASS = YES_ERROR;
				CLANG_WARN_QUOTED_INCLUDE_IN_FRAMEWORK_HEADER = YES;
				CLANG_WARN_RANGE_LOOP_ANALYSIS = YES;
				CLANG_WARN_STRICT_PROTOTYPES = YES;
				CLANG_WARN_SUSPICIOUS_MOVE = YES;
				CLANG_WARN_UNGUARDED_AVAILABILITY = YES_AGGRESSIVE;
				CLANG_WARN_UNREACHABLE_CODE = YES;
				CLANG_WARN__DUPLICATE_METHOD_MATCH = YES;
				COPY_PHASE_STRIP = NO;
				DEBUG_INFORMATION_FORMAT = dwarf;
				ENABLE_STRICT_OBJC_MSGSEND = YES;
				ENABLE_TESTABILITY = YES;
				ENABLE_USER_SCRIPT_SANDBOXING = YES;
				GCC_C_LANGUAGE_STANDARD = gnu17;
				GCC_DYNAMIC_NO_PIC = NO;
				GCC_NO_COMMON_BLOCKS = YES;
				GCC_OPTIMIZATION_LEVEL = 0;
				GCC_PREPROCESSOR_DEFINITIONS = (
					"DEBUG=1",
					"$(inherited)",
				);
				GCC_WARN_64_TO_32_BIT_CONVERSION = YES;
				GCC_WARN_ABOUT_RETURN_TYPE = YES_ERROR;
				GCC_WARN_UNDECLARED_SELECTOR = YES;
				GCC_WARN_UNINITIALIZED_AUTOS = YES_AGGRESSIVE;
				GCC_WARN_UNUSED_FUNCTION = YES;
				GCC_WARN_UNUSED_VARIABLE = YES;
				IPHONEOS_DEPLOYMENT_TARGET = 18.4;
				LOCALIZATION_PREFERS_STRING_CATALOGS = YES;
				MTL_ENABLE_DEBUG_INFO = INCLUDE_SOURCE;
				MTL_FAST_MATH = YES;
				ONLY_ACTIVE_ARCH = YES;
				SDKROOT = iphoneos;
				SWIFT_ACTIVE_COMPILATION_CONDITIONS = "DEBUG $(inherited)";
				SWIFT_OPTIMIZATION_LEVEL = "-Onone";
			};
			name = Debug;
		};
		EE856A302E1CD095006820B9 /* Release */ = {
			isa = XCBuildConfiguration;
			buildSettings = {
				ALWAYS_SEARCH_USER_PATHS = NO;
				ASSETCATALOG_COMPILER_GENERATE_SWIFT_ASSET_SYMBOL_EXTENSIONS = YES;
				CLANG_ANALYZER_NONNULL = YES;
				CLANG_ANALYZER_NUMBER_OBJECT_CONVERSION = YES_AGGRESSIVE;
				CLANG_CXX_LANGUAGE_STANDARD = "gnu++20";
				CLANG_ENABLE_MODULES = YES;
				CLANG_ENABLE_OBJC_ARC = YES;
				CLANG_ENABLE_OBJC_WEAK = YES;
				CLANG_WARN_BLOCK_CAPTURE_AUTORELEASING = YES;
				CLANG_WARN_BOOL_CONVERSION = YES;
				CLANG_WARN_COMMA = YES;
				CLANG_WARN_CONSTANT_CONVERSION = YES;
				CLANG_WARN_DEPRECATED_OBJC_IMPLEMENTATIONS = YES;
				CLANG_WARN_DIRECT_OBJC_ISA_USAGE = YES_ERROR;
				CLANG_WARN_DOCUMENTATION_COMMENTS = YES;
				CLANG_WARN_EMPTY_BODY = YES;
				CLANG_WARN_ENUM_CONVERSION = YES;
				CLANG_WARN_INFINITE_RECURSION = YES;
				CLANG_WARN_INT_CONVERSION = YES;
				CLANG_WARN_NON_LITERAL_NULL_CONVERSION = YES;
				CLANG_WARN_OBJC_IMPLICIT_RETAIN_SELF = YES;
				CLANG_WARN_OBJC_LITERAL_CONVERSION = YES;
				CLANG_WARN_OBJC_ROOT_CLASS = YES_ERROR;
				CLANG_WARN_QUOTED_INCLUDE_IN_FRAMEWORK_HEADER = YES;
				CLANG_WARN_RANGE_LOOP_ANALYSIS = YES;
				CLANG_WARN_STRICT_PROTOTYPES = YES;
				CLANG_WARN_SUSPICIOUS_MOVE = YES;
				CLANG_WARN_UNGUARDED_AVAILABILITY = YES_AGGRESSIVE;
				CLANG_WARN_UNREACHABLE_CODE = YES;
				CLANG_WARN__DUPLICATE_METHOD_MATCH = YES;
				COPY_PHASE_STRIP = NO;
				DEBUG_INFORMATION_FORMAT = "dwarf-with-dsym";
				ENABLE_NS_ASSERTIONS = NO;
				ENABLE_STRICT_OBJC_MSGSEND = YES;
				ENABLE_USER_SCRIPT_SANDBOXING = YES;
				GCC_C_LANGUAGE_STANDARD = gnu17;
				GCC_NO_COMMON_BLOCKS = YES;
				GCC_WARN_64_TO_32_BIT_CONVERSION = YES;
				GCC_WARN_ABOUT_RETURN_TYPE = YES_ERROR;
				GCC_WARN_UNDECLARED_SELECTOR = YES;
				GCC_WARN_UNINITIALIZED_AUTOS = YES_AGGRESSIVE;
				GCC_WARN_UNUSED_FUNCTION = YES;
				GCC_WARN_UNUSED_VARIABLE = YES;
				IPHONEOS_DEPLOYMENT_TARGET = 18.4;
				LOCALIZATION_PREFERS_STRING_CATALOGS = YES;
				MTL_ENABLE_DEBUG_INFO = NO;
				MTL_FAST_MATH = YES;
				SDKROOT = iphoneos;
				SWIFT_COMPILATION_MODE = wholemodule;
				VALIDATE_PRODUCT = YES;
			};
			name = Release;
		};
		EE856A322E1CD095006820B9 /* Debug */ = {
			isa = XCBuildConfiguration;
			buildSettings = {
				ASSETCATALOG_COMPILER_APPICON_NAME = AppIcon;
				ASSETCATALOG_COMPILER_GLOBAL_ACCENT_COLOR_NAME = AccentColor;
				CODE_SIGN_STYLE = Automatic;
				CURRENT_PROJECT_VERSION = 1;
				ENABLE_PREVIEWS = YES;
				GENERATE_INFOPLIST_FILE = YES;
				INFOPLIST_KEY_UIApplicationSceneManifest_Generation = YES;
				INFOPLIST_KEY_UIApplicationSupportsIndirectInputEvents = YES;
				INFOPLIST_KEY_UILaunchScreen_Generation = YES;
				INFOPLIST_KEY_UIStatusBarHidden = NO;
				INFOPLIST_KEY_UIStatusBarStyle = "";
				INFOPLIST_KEY_UISupportedInterfaceOrientations = UIInterfaceOrientationPortrait;
				INFOPLIST_KEY_UISupportedInterfaceOrientations_iPad = "UIInterfaceOrientationLandscapeLeft UIInterfaceOrientationLandscapeRight UIInterfaceOrientationPortrait UIInterfaceOrientationPortraitUpsideDown";
				IPHONEOS_DEPLOYMENT_TARGET = 16.0;
				LD_RUNPATH_SEARCH_PATHS = (
					"$(inherited)",
					"@executable_path/Frameworks",
				);
				MARKETING_VERSION = 1.0;
				PRODUCT_BUNDLE_IDENTIFIER = naturalBeauty.A10;
				PRODUCT_NAME = "$(TARGET_NAME)";
				SUPPORTED_PLATFORMS = "iphoneos iphonesimulator";
				SUPPORTS_MACCATALYST = NO;
				SUPPORTS_MAC_DESIGNED_FOR_IPHONE_IPAD = NO;
				SUPPORTS_XR_DESIGNED_FOR_IPHONE_IPAD = NO;
				SWIFT_EMIT_LOC_STRINGS = YES;
				SWIFT_VERSION = 5.0;
				TARGETED_DEVICE_FAMILY = 1;
			};
			name = Debug;
		};
		EE856A332E1CD095006820B9 /* Release */ = {
			isa = XCBuildConfiguration;
			buildSettings = {
				ASSETCATALOG_COMPILER_APPICON_NAME = AppIcon;
				ASSETCATALOG_COMPILER_GLOBAL_ACCENT_COLOR_NAME = AccentColor;
				CODE_SIGN_STYLE = Automatic;
				CURRENT_PROJECT_VERSION = 1;
				ENABLE_PREVIEWS = YES;
				GENERATE_INFOPLIST_FILE = YES;
				INFOPLIST_KEY_UIApplicationSceneManifest_Generation = YES;
				INFOPLIST_KEY_UIApplicationSupportsIndirectInputEvents = YES;
				INFOPLIST_KEY_UILaunchScreen_Generation = YES;
				INFOPLIST_KEY_UIStatusBarHidden = NO;
				INFOPLIST_KEY_UIStatusBarStyle = "";
				INFOPLIST_KEY_UISupportedInterfaceOrientations = UIInterfaceOrientationPortrait;
				INFOPLIST_KEY_UISupportedInterfaceOrientations_iPad = "UIInterfaceOrientationLandscapeLeft UIInterfaceOrientationLandscapeRight UIInterfaceOrientationPortrait UIInterfaceOrientationPortraitUpsideDown";
				IPHONEOS_DEPLOYMENT_TARGET = 16.0;
				LD_RUNPATH_SEARCH_PATHS = (
					"$(inherited)",
					"@executable_path/Frameworks",
				);
				MARKETING_VERSION = 1.0;
				PRODUCT_BUNDLE_IDENTIFIER = naturalBeauty.A10;
				PRODUCT_NAME = "$(TARGET_NAME)";
				SUPPORTED_PLATFORMS = "iphoneos iphonesimulator";
				SUPPORTS_MACCATALYST = NO;
				SUPPORTS_MAC_DESIGNED_FOR_IPHONE_IPAD = NO;
				SUPPORTS_XR_DESIGNED_FOR_IPHONE_IPAD = NO;
				SWIFT_EMIT_LOC_STRINGS = YES;
				SWIFT_VERSION = 5.0;
				TARGETED_DEVICE_FAMILY = 1;
			};
			name = Release;
		};
/* End XCBuildConfiguration section */

/* Begin XCConfigurationList section */
		EE856A212E1CD093006820B9 /* Build configuration list for PBXProject "A10" */ = {
			isa = XCConfigurationList;
			buildConfigurations = (
				EE856A2F2E1CD095006820B9 /* Debug */,
				EE856A302E1CD095006820B9 /* Release */,
			);
			defaultConfigurationIsVisible = 0;
			defaultConfigurationName = Release;
		};
		EE856A312E1CD095006820B9 /* Build configuration list for PBXNativeTarget "A10" */ = {
			isa = XCConfigurationList;
			buildConfigurations = (
				EE856A322E1CD095006820B9 /* Debug */,
				EE856A332E1CD095006820B9 /* Release */,
			);
			defaultConfigurationIsVisible = 0;
			defaultConfigurationName = Release;
		};
/* End XCConfigurationList section */
	};
	rootObject = EE856A1E2E1CD093006820B9 /* Project object */;
}
